// !$*UTF8*$!
{
	archiveVersion = 1;
	classes = {
	};
	objectVersion = 50;
	objects = {

/* Begin PBXBuildFile section */
		13B8DBF5244F1F8D00EBE18F /* SceneDelegate.swift in Sources */ = {isa = PBXBuildFile; fileRef = 13B8DBF4244F1F8D00EBE18F /* SceneDelegate.swift */; };
		13B8DBF7244F1FB900EBE18F /* SpotListViewController.swift in Sources */ = {isa = PBXBuildFile; fileRef = 13B8DBF6244F1FB900EBE18F /* SpotListViewController.swift */; };
		611F59C9243B02B2009C4EB7 /* AppDelegate.swift in Sources */ = {isa = PBXBuildFile; fileRef = 611F59C8243B02B2009C4EB7 /* AppDelegate.swift */; };
		611F59CD243B02B2009C4EB7 /* ViewController.swift in Sources */ = {isa = PBXBuildFile; fileRef = 611F59CC243B02B2009C4EB7 /* ViewController.swift */; };
		611F59D0243B02B2009C4EB7 /* Main.storyboard in Resources */ = {isa = PBXBuildFile; fileRef = 611F59CE243B02B2009C4EB7 /* Main.storyboard */; };
		611F59D2243B02B4009C4EB7 /* Assets.xcassets in Resources */ = {isa = PBXBuildFile; fileRef = 611F59D1243B02B4009C4EB7 /* Assets.xcassets */; };
		611F59D5243B02B4009C4EB7 /* LaunchScreen.storyboard in Resources */ = {isa = PBXBuildFile; fileRef = 611F59D3243B02B4009C4EB7 /* LaunchScreen.storyboard */; };
		611F59E0243B02C7009C4EB7 /* icon_loc@3x.png in Resources */ = {isa = PBXBuildFile; fileRef = 611F59DD243B02C7009C4EB7 /* icon_loc@3x.png */; };
		611F59E1243B02C7009C4EB7 /* icon_list@3x.png in Resources */ = {isa = PBXBuildFile; fileRef = 611F59DE243B02C7009C4EB7 /* icon_list@3x.png */; };
		611F59E2243B02C7009C4EB7 /* icon_map@3x.png in Resources */ = {isa = PBXBuildFile; fileRef = 611F59DF243B02C7009C4EB7 /* icon_map@3x.png */; };
		611F59E4243B0456009C4EB7 /* Common.swift in Sources */ = {isa = PBXBuildFile; fileRef = 611F59E3243B0456009C4EB7 /* Common.swift */; };
		611F59EA243B046E009C4EB7 /* SpotAnnotation.swift in Sources */ = {isa = PBXBuildFile; fileRef = 611F59E5243B046D009C4EB7 /* SpotAnnotation.swift */; };
		611F59EC243B046E009C4EB7 /* MapViewController.swift in Sources */ = {isa = PBXBuildFile; fileRef = 611F59E7243B046D009C4EB7 /* MapViewController.swift */; };
		611F59ED243B046E009C4EB7 /* DataManager.swift in Sources */ = {isa = PBXBuildFile; fileRef = 611F59E8243B046D009C4EB7 /* DataManager.swift */; };
		611F59F0243B06DD009C4EB7 /* BaseViewController.swift in Sources */ = {isa = PBXBuildFile; fileRef = 611F59EF243B06DD009C4EB7 /* BaseViewController.swift */; };
		611F59F2243B4C9B009C4EB7 /* icon_takeout@3x.png in Resources */ = {isa = PBXBuildFile; fileRef = 611F59F1243B4C9B009C4EB7 /* icon_takeout@3x.png */; };
		611F59F4243B5BD2009C4EB7 /* SpotDetailViewController.swift in Sources */ = {isa = PBXBuildFile; fileRef = 611F59F3243B5BD2009C4EB7 /* SpotDetailViewController.swift */; };
/* End PBXBuildFile section */

/* Begin PBXFileReference section */
		13B8DBF4244F1F8D00EBE18F /* SceneDelegate.swift */ = {isa = PBXFileReference; fileEncoding = 4; lastKnownFileType = sourcecode.swift; path = SceneDelegate.swift; sourceTree = "<group>"; };
		13B8DBF6244F1FB900EBE18F /* SpotListViewController.swift */ = {isa = PBXFileReference; lastKnownFileType = sourcecode.swift; path = SpotListViewController.swift; sourceTree = "<group>"; };
		611F59C5243B02B2009C4EB7 /* Takeout-map.app */ = {isa = PBXFileReference; explicitFileType = wrapper.application; includeInIndex = 0; path = "Takeout-map.app"; sourceTree = BUILT_PRODUCTS_DIR; };
		611F59C8243B02B2009C4EB7 /* AppDelegate.swift */ = {isa = PBXFileReference; lastKnownFileType = sourcecode.swift; path = AppDelegate.swift; sourceTree = "<group>"; };
		611F59CC243B02B2009C4EB7 /* ViewController.swift */ = {isa = PBXFileReference; lastKnownFileType = sourcecode.swift; path = ViewController.swift; sourceTree = "<group>"; };
		611F59CF243B02B2009C4EB7 /* Base */ = {isa = PBXFileReference; lastKnownFileType = file.storyboard; name = Base; path = Base.lproj/Main.storyboard; sourceTree = "<group>"; };
		611F59D1243B02B4009C4EB7 /* Assets.xcassets */ = {isa = PBXFileReference; lastKnownFileType = folder.assetcatalog; path = Assets.xcassets; sourceTree = "<group>"; };
		611F59D4243B02B4009C4EB7 /* Base */ = {isa = PBXFileReference; lastKnownFileType = file.storyboard; name = Base; path = Base.lproj/LaunchScreen.storyboard; sourceTree = "<group>"; };
		611F59D6243B02B4009C4EB7 /* Info.plist */ = {isa = PBXFileReference; lastKnownFileType = text.plist.xml; path = Info.plist; sourceTree = "<group>"; };
		611F59DD243B02C7009C4EB7 /* icon_loc@3x.png */ = {isa = PBXFileReference; lastKnownFileType = image.png; path = "icon_loc@3x.png"; sourceTree = "<group>"; };
		611F59DE243B02C7009C4EB7 /* icon_list@3x.png */ = {isa = PBXFileReference; lastKnownFileType = image.png; path = "icon_list@3x.png"; sourceTree = "<group>"; };
		611F59DF243B02C7009C4EB7 /* icon_map@3x.png */ = {isa = PBXFileReference; lastKnownFileType = image.png; path = "icon_map@3x.png"; sourceTree = "<group>"; };
		611F59E3243B0456009C4EB7 /* Common.swift */ = {isa = PBXFileReference; fileEncoding = 4; lastKnownFileType = sourcecode.swift; path = Common.swift; sourceTree = "<group>"; };
		611F59E5243B046D009C4EB7 /* SpotAnnotation.swift */ = {isa = PBXFileReference; fileEncoding = 4; lastKnownFileType = sourcecode.swift; path = SpotAnnotation.swift; sourceTree = "<group>"; };
		611F59E7243B046D009C4EB7 /* MapViewController.swift */ = {isa = PBXFileReference; fileEncoding = 4; lastKnownFileType = sourcecode.swift; path = MapViewController.swift; sourceTree = "<group>"; };
		611F59E8243B046D009C4EB7 /* DataManager.swift */ = {isa = PBXFileReference; fileEncoding = 4; lastKnownFileType = sourcecode.swift; path = DataManager.swift; sourceTree = "<group>"; };
		611F59EF243B06DD009C4EB7 /* BaseViewController.swift */ = {isa = PBXFileReference; fileEncoding = 4; lastKnownFileType = sourcecode.swift; path = BaseViewController.swift; sourceTree = "<group>"; };
		611F59F1243B4C9B009C4EB7 /* icon_takeout@3x.png */ = {isa = PBXFileReference; lastKnownFileType = image.png; path = "icon_takeout@3x.png"; sourceTree = "<group>"; };
		611F59F3243B5BD2009C4EB7 /* SpotDetailViewController.swift */ = {isa = PBXFileReference; lastKnownFileType = sourcecode.swift; path = SpotDetailViewController.swift; sourceTree = "<group>"; };
/* End PBXFileReference section */

/* Begin PBXFrameworksBuildPhase section */
		611F59C2243B02B2009C4EB7 /* Frameworks */ = {
			isa = PBXFrameworksBuildPhase;
			buildActionMask = 2147483647;
			files = (
			);
			runOnlyForDeploymentPostprocessing = 0;
		};
/* End PBXFrameworksBuildPhase section */

/* Begin PBXGroup section */
		611F59BC243B02B2009C4EB7 = {
			isa = PBXGroup;
			children = (
				611F59C7243B02B2009C4EB7 /* Takeout-map */,
				611F59C6243B02B2009C4EB7 /* Products */,
			);
			sourceTree = "<group>";
		};
		611F59C6243B02B2009C4EB7 /* Products */ = {
			isa = PBXGroup;
			children = (
				611F59C5243B02B2009C4EB7 /* Takeout-map.app */,
			);
			name = Products;
			sourceTree = "<group>";
		};
		611F59C7243B02B2009C4EB7 /* Takeout-map */ = {
			isa = PBXGroup;
			children = (
				611F59C8243B02B2009C4EB7 /* AppDelegate.swift */,
				611F59EF243B06DD009C4EB7 /* BaseViewController.swift */,
				611F59E3243B0456009C4EB7 /* Common.swift */,
				611F59E8243B046D009C4EB7 /* DataManager.swift */,
				611F59E7243B046D009C4EB7 /* MapViewController.swift */,
				13B8DBF4244F1F8D00EBE18F /* SceneDelegate.swift */,
				13B8DBF6244F1FB900EBE18F /* SpotListViewController.swift */,
				611F59F3243B5BD2009C4EB7 /* SpotDetailViewController.swift */,
				611F59E5243B046D009C4EB7 /* SpotAnnotation.swift */,
				611F59CC243B02B2009C4EB7 /* ViewController.swift */,
				611F59DC243B02C7009C4EB7 /* img */,
				611F59CE243B02B2009C4EB7 /* Main.storyboard */,
				611F59D3243B02B4009C4EB7 /* LaunchScreen.storyboard */,
				611F59D6243B02B4009C4EB7 /* Info.plist */,
				611F59D1243B02B4009C4EB7 /* Assets.xcassets */,
			);
			path = "Takeout-map";
			sourceTree = "<group>";
		};
		611F59DC243B02C7009C4EB7 /* img */ = {
			isa = PBXGroup;
			children = (
				611F59DD243B02C7009C4EB7 /* icon_loc@3x.png */,
				611F59DE243B02C7009C4EB7 /* icon_list@3x.png */,
				611F59DF243B02C7009C4EB7 /* icon_map@3x.png */,
				611F59F1243B4C9B009C4EB7 /* icon_takeout@3x.png */,
			);
			path = img;
			sourceTree = "<group>";
		};
/* End PBXGroup section */

/* Begin PBXNativeTarget section */
		611F59C4243B02B2009C4EB7 /* Takeout-map */ = {
			isa = PBXNativeTarget;
			buildConfigurationList = 611F59D9243B02B4009C4EB7 /* Build configuration list for PBXNativeTarget "Takeout-map" */;
			buildPhases = (
				611F59C1243B02B2009C4EB7 /* Sources */,
				611F59C2243B02B2009C4EB7 /* Frameworks */,
				611F59C3243B02B2009C4EB7 /* Resources */,
			);
			buildRules = (
			);
			dependencies = (
			);
			name = "Takeout-map";
			productName = "Takeout-map";
			productReference = 611F59C5243B02B2009C4EB7 /* Takeout-map.app */;
			productType = "com.apple.product-type.application";
		};
/* End PBXNativeTarget section */

/* Begin PBXProject section */
		611F59BD243B02B2009C4EB7 /* Project object */ = {
			isa = PBXProject;
			attributes = {
				LastSwiftUpdateCheck = 1140;
				LastUpgradeCheck = 1140;
				ORGANIZATIONNAME = Ryou;
				TargetAttributes = {
					611F59C4243B02B2009C4EB7 = {
						CreatedOnToolsVersion = 11.4;
					};
				};
			};
			buildConfigurationList = 611F59C0243B02B2009C4EB7 /* Build configuration list for PBXProject "Takeout-map" */;
			compatibilityVersion = "Xcode 9.3";
			developmentRegion = en;
			hasScannedForEncodings = 0;
			knownRegions = (
				en,
				Base,
			);
			mainGroup = 611F59BC243B02B2009C4EB7;
			productRefGroup = 611F59C6243B02B2009C4EB7 /* Products */;
			projectDirPath = "";
			projectRoot = "";
			targets = (
				611F59C4243B02B2009C4EB7 /* Takeout-map */,
			);
		};
/* End PBXProject section */

/* Begin PBXResourcesBuildPhase section */
		611F59C3243B02B2009C4EB7 /* Resources */ = {
			isa = PBXResourcesBuildPhase;
			buildActionMask = 2147483647;
			files = (
				611F59D5243B02B4009C4EB7 /* LaunchScreen.storyboard in Resources */,
				611F59E2243B02C7009C4EB7 /* icon_map@3x.png in Resources */,
				611F59D2243B02B4009C4EB7 /* Assets.xcassets in Resources */,
				611F59E1243B02C7009C4EB7 /* icon_list@3x.png in Resources */,
				611F59D0243B02B2009C4EB7 /* Main.storyboard in Resources */,
				611F59F2243B4C9B009C4EB7 /* icon_takeout@3x.png in Resources */,
				611F59E0243B02C7009C4EB7 /* icon_loc@3x.png in Resources */,
			);
			runOnlyForDeploymentPostprocessing = 0;
		};
/* End PBXResourcesBuildPhase section */

/* Begin PBXSourcesBuildPhase section */
		611F59C1243B02B2009C4EB7 /* Sources */ = {
			isa = PBXSourcesBuildPhase;
			buildActionMask = 2147483647;
			files = (
				611F59E4243B0456009C4EB7 /* Common.swift in Sources */,
				611F59ED243B046E009C4EB7 /* DataManager.swift in Sources */,
				13B8DBF7244F1FB900EBE18F /* SpotListViewController.swift in Sources */,
				611F59CD243B02B2009C4EB7 /* ViewController.swift in Sources */,
				611F59C9243B02B2009C4EB7 /* AppDelegate.swift in Sources */,
				611F59F4243B5BD2009C4EB7 /* SpotDetailViewController.swift in Sources */,
				611F59F0243B06DD009C4EB7 /* BaseViewController.swift in Sources */,
				13B8DBF5244F1F8D00EBE18F /* SceneDelegate.swift in Sources */,
				611F59EA243B046E009C4EB7 /* SpotAnnotation.swift in Sources */,
				611F59EC243B046E009C4EB7 /* MapViewController.swift in Sources */,
			);
			runOnlyForDeploymentPostprocessing = 0;
		};
/* End PBXSourcesBuildPhase section */

/* Begin PBXVariantGroup section */
		611F59CE243B02B2009C4EB7 /* Main.storyboard */ = {
			isa = PBXVariantGroup;
			children = (
				611F59CF243B02B2009C4EB7 /* Base */,
			);
			name = Main.storyboard;
			sourceTree = "<group>";
		};
		611F59D3243B02B4009C4EB7 /* LaunchScreen.storyboard */ = {
			isa = PBXVariantGroup;
			children = (
				611F59D4243B02B4009C4EB7 /* Base */,
			);
			name = LaunchScreen.storyboard;
			sourceTree = "<group>";
		};
/* End PBXVariantGroup section */

/* Begin XCBuildConfiguration section */
		611F59D7243B02B4009C4EB7 /* Debug */ = {
			isa = XCBuildConfiguration;
			buildSettings = {
				ALWAYS_SEARCH_USER_PATHS = NO;
				CLANG_ANALYZER_NONNULL = YES;
				CLANG_ANALYZER_NUMBER_OBJECT_CONVERSION = YES_AGGRESSIVE;
				CLANG_CXX_LANGUAGE_STANDARD = "gnu++14";
				CLANG_CXX_LIBRARY = "libc++";
				CLANG_ENABLE_MODULES = YES;
				CLANG_ENABLE_OBJC_ARC = YES;
				CLANG_ENABLE_OBJC_WEAK = YES;
				CLANG_WARN_BLOCK_CAPTURE_AUTORELEASING = YES;
				CLANG_WARN_BOOL_CONVERSION = YES;
				CLANG_WARN_COMMA = YES;
				CLANG_WARN_CONSTANT_CONVERSION = YES;
				CLANG_WARN_DEPRECATED_OBJC_IMPLEMENTATIONS = YES;
				CLANG_WARN_DIRECT_OBJC_ISA_USAGE = YES_ERROR;
				CLANG_WARN_DOCUMENTATION_COMMENTS = YES;
				CLANG_WARN_EMPTY_BODY = YES;
				CLANG_WARN_ENUM_CONVERSION = YES;
				CLANG_WARN_INFINITE_RECURSION = YES;
				CLANG_WARN_INT_CONVERSION = YES;
				CLANG_WARN_NON_LITERAL_NULL_CONVERSION = YES;
				CLANG_WARN_OBJC_IMPLICIT_RETAIN_SELF = YES;
				CLANG_WARN_OBJC_LITERAL_CONVERSION = YES;
				CLANG_WARN_OBJC_ROOT_CLASS = YES_ERROR;
				CLANG_WARN_RANGE_LOOP_ANALYSIS = YES;
				CLANG_WARN_STRICT_PROTOTYPES = YES;
				CLANG_WARN_SUSPICIOUS_MOVE = YES;
				CLANG_WARN_UNGUARDED_AVAILABILITY = YES_AGGRESSIVE;
				CLANG_WARN_UNREACHABLE_CODE = YES;
				CLANG_WARN__DUPLICATE_METHOD_MATCH = YES;
				COPY_PHASE_STRIP = NO;
				DEBUG_INFORMATION_FORMAT = dwarf;
				ENABLE_STRICT_OBJC_MSGSEND = YES;
				ENABLE_TESTABILITY = YES;
				GCC_C_LANGUAGE_STANDARD = gnu11;
				GCC_DYNAMIC_NO_PIC = NO;
				GCC_NO_COMMON_BLOCKS = YES;
				GCC_OPTIMIZATION_LEVEL = 0;
				GCC_PREPROCESSOR_DEFINITIONS = (
					"DEBUG=1",
					"$(inherited)",
				);
				GCC_WARN_64_TO_32_BIT_CONVERSION = YES;
				GCC_WARN_ABOUT_RETURN_TYPE = YES_ERROR;
				GCC_WARN_UNDECLARED_SELECTOR = YES;
				GCC_WARN_UNINITIALIZED_AUTOS = YES_AGGRESSIVE;
				GCC_WARN_UNUSED_FUNCTION = YES;
				GCC_WARN_UNUSED_VARIABLE = YES;
				IPHONEOS_DEPLOYMENT_TARGET = 13.2;
				MTL_ENABLE_DEBUG_INFO = INCLUDE_SOURCE;
				MTL_FAST_MATH = YES;
				ONLY_ACTIVE_ARCH = YES;
				SDKROOT = iphoneos;
				SWIFT_ACTIVE_COMPILATION_CONDITIONS = DEBUG;
				SWIFT_OPTIMIZATION_LEVEL = "-Onone";
			};
			name = Debug;
		};
		611F59D8243B02B4009C4EB7 /* Release */ = {
			isa = XCBuildConfiguration;
			buildSettings = {
				ALWAYS_SEARCH_USER_PATHS = NO;
				CLANG_ANALYZER_NONNULL = YES;
				CLANG_ANALYZER_NUMBER_OBJECT_CONVERSION = YES_AGGRESSIVE;
				CLANG_CXX_LANGUAGE_STANDARD = "gnu++14";
				CLANG_CXX_LIBRARY = "libc++";
				CLANG_ENABLE_MODULES = YES;
				CLANG_ENABLE_OBJC_ARC = YES;
				CLANG_ENABLE_OBJC_WEAK = YES;
				CLANG_WARN_BLOCK_CAPTURE_AUTORELEASING = YES;
				CLANG_WARN_BOOL_CONVERSION = YES;
				CLANG_WARN_COMMA = YES;
				CLANG_WARN_CONSTANT_CONVERSION = YES;
				CLANG_WARN_DEPRECATED_OBJC_IMPLEMENTATIONS = YES;
				CLANG_WARN_DIRECT_OBJC_ISA_USAGE = YES_ERROR;
				CLANG_WARN_DOCUMENTATION_COMMENTS = YES;
				CLANG_WARN_EMPTY_BODY = YES;
				CLANG_WARN_ENUM_CONVERSION = YES;
				CLANG_WARN_INFINITE_RECURSION = YES;
				CLANG_WARN_INT_CONVERSION = YES;
				CLANG_WARN_NON_LITERAL_NULL_CONVERSION = YES;
				CLANG_WARN_OBJC_IMPLICIT_RETAIN_SELF = YES;
				CLANG_WARN_OBJC_LITERAL_CONVERSION = YES;
				CLANG_WARN_OBJC_ROOT_CLASS = YES_ERROR;
				CLANG_WARN_RANGE_LOOP_ANALYSIS = YES;
				CLANG_WARN_STRICT_PROTOTYPES = YES;
				CLANG_WARN_SUSPICIOUS_MOVE = YES;
				CLANG_WARN_UNGUARDED_AVAILABILITY = YES_AGGRESSIVE;
				CLANG_WARN_UNREACHABLE_CODE = YES;
				CLANG_WARN__DUPLICATE_METHOD_MATCH = YES;
				COPY_PHASE_STRIP = NO;
				DEBUG_INFORMATION_FORMAT = "dwarf-with-dsym";
				ENABLE_NS_ASSERTIONS = NO;
				ENABLE_STRICT_OBJC_MSGSEND = YES;
				GCC_C_LANGUAGE_STANDARD = gnu11;
				GCC_NO_COMMON_BLOCKS = YES;
				GCC_WARN_64_TO_32_BIT_CONVERSION = YES;
				GCC_WARN_ABOUT_RETURN_TYPE = YES_ERROR;
				GCC_WARN_UNDECLARED_SELECTOR = YES;
				GCC_WARN_UNINITIALIZED_AUTOS = YES_AGGRESSIVE;
				GCC_WARN_UNUSED_FUNCTION = YES;
				GCC_WARN_UNUSED_VARIABLE = YES;
				IPHONEOS_DEPLOYMENT_TARGET = 13.2;
				MTL_ENABLE_DEBUG_INFO = NO;
				MTL_FAST_MATH = YES;
				SDKROOT = iphoneos;
				SWIFT_COMPILATION_MODE = wholemodule;
				SWIFT_OPTIMIZATION_LEVEL = "-O";
				VALIDATE_PRODUCT = YES;
			};
			name = Release;
		};
		611F59DA243B02B4009C4EB7 /* Debug */ = {
			isa = XCBuildConfiguration;
			buildSettings = {
				ASSETCATALOG_COMPILER_APPICON_NAME = AppIcon;
				CODE_SIGN_STYLE = Automatic;
				DEVELOPMENT_TEAM = "";
				INFOPLIST_FILE = "Takeout-map/Info.plist";
				LD_RUNPATH_SEARCH_PATHS = (
					"$(inherited)",
					"@executable_path/Frameworks",
				);
				PRODUCT_BUNDLE_IDENTIFIER = "com.oakleafproject.Takeout-map";
				PRODUCT_NAME = "$(TARGET_NAME)";
				SWIFT_VERSION = 5.0;
				TARGETED_DEVICE_FAMILY = "1,2";
			};
			name = Debug;
		};
		611F59DB243B02B4009C4EB7 /* Release */ = {
			isa = XCBuildConfiguration;
			buildSettings = {
				ASSETCATALOG_COMPILER_APPICON_NAME = AppIcon;
				CODE_SIGN_STYLE = Automatic;
				DEVELOPMENT_TEAM = "";
				INFOPLIST_FILE = "Takeout-map/Info.plist";
				LD_RUNPATH_SEARCH_PATHS = (
					"$(inherited)",
					"@executable_path/Frameworks",
				);
				PRODUCT_BUNDLE_IDENTIFIER = "com.oakleafproject.Takeout-map";
				PRODUCT_NAME = "$(TARGET_NAME)";
				SWIFT_VERSION = 5.0;
				TARGETED_DEVICE_FAMILY = "1,2";
			};
			name = Release;
		};
/* End XCBuildConfiguration section */

/* Begin XCConfigurationList section */
		611F59C0243B02B2009C4EB7 /* Build configuration list for PBXProject "Takeout-map" */ = {
			isa = XCConfigurationList;
			buildConfigurations = (
				611F59D7243B02B4009C4EB7 /* Debug */,
				611F59D8243B02B4009C4EB7 /* Release */,
			);
			defaultConfigurationIsVisible = 0;
			defaultConfigurationName = Release;
		};
		611F59D9243B02B4009C4EB7 /* Build configuration list for PBXNativeTarget "Takeout-map" */ = {
			isa = XCConfigurationList;
			buildConfigurations = (
				611F59DA243B02B4009C4EB7 /* Debug */,
				611F59DB243B02B4009C4EB7 /* Release */,
			);
			defaultConfigurationIsVisible = 0;
			defaultConfigurationName = Release;
		};
/* End XCConfigurationList section */
	};
	rootObject = 611F59BD243B02B2009C4EB7 /* Project object */;
}
